
Microsoft Visual Studio Solution File, Format Version 12.00
# Visual Studio Version 17
VisualStudioVersion = 17.9.34723.18
MinimumVisualStudioVersion = 10.0.40219.1
Project("{9A19103F-16F7-4668-BE54-9A1E7A4F7556}") = "PLC#_C#_101", "PLC#_C#_101.csproj", "{26060557-2475-4636-9B4A-475F9969B4AC}"
EndProject
Global
	GlobalSection(SolutionConfigurationPlatforms) = preSolution
		Debug|Any CPU = Debug|Any CPU
		Release|Any CPU = Release|Any CPU
	EndGlobalSection
	GlobalSection(ProjectConfigurationPlatforms) = postSolution
		{26060557-2475-4636-9B4A-475F9969B4AC}.Debug|Any CPU.ActiveCfg = Debug|Any CPU
		{26060557-2475-4636-9B4A-475F9969B4AC}.Debug|Any CPU.Build.0 = Debug|Any CPU
		{26060557-2475-4636-9B4A-475F9969B4AC}.Release|Any CPU.ActiveCfg = Release|Any CPU
		{26060557-2475-4636-9B4A-475F9969B4AC}.Release|Any CPU.Build.0 = Release|Any CPU
	EndGlobalSection
	GlobalSection(SolutionProperties) = preSolution
		HideSolutionNode = FALSE
	EndGlobalSection
	GlobalSection(ExtensibilityGlobals) = postSolution
		SolutionGuid = {A188DA28-3326-4D97-882A-E2C7347B4FA4}
	EndGlobalSection
EndGlobal
